// !$*UTF8*$!
{
	archiveVersion = 1;
	classes = {
	};
	objectVersion = 46;
	objects = {

/* Begin PBXBuildFile section */
		E1A9C67F1F1D044D002B91C8 /* AppDelegate.swift in Sources */ = {isa = PBXBuildFile; fileRef = E1A9C67E1F1D044D002B91C8 /* AppDelegate.swift */; };
		E1A9C6811F1D044D002B91C8 /* ViewController.swift in Sources */ = {isa = PBXBuildFile; fileRef = E1A9C6801F1D044D002B91C8 /* ViewController.swift */; };
		E1A9C6841F1D044D002B91C8 /* Main.storyboard in Resources */ = {isa = PBXBuildFile; fileRef = E1A9C6821F1D044D002B91C8 /* Main.storyboard */; };
		E1A9C6861F1D044D002B91C8 /* Assets.xcassets in Resources */ = {isa = PBXBuildFile; fileRef = E1A9C6851F1D044D002B91C8 /* Assets.xcassets */; };
		E1A9C6891F1D044D002B91C8 /* LaunchScreen.storyboard in Resources */ = {isa = PBXBuildFile; fileRef = E1A9C6871F1D044D002B91C8 /* LaunchScreen.storyboard */; };
		E1A9C6941F1D044E002B91C8 /* Todo_with_RealmTests.swift in Sources */ = {isa = PBXBuildFile; fileRef = E1A9C6931F1D044E002B91C8 /* Todo_with_RealmTests.swift */; };
		E1A9C6A01F1D0707002B91C8 /* Realm.framework in Frameworks */ = {isa = PBXBuildFile; fileRef = E1A9C69F1F1D0707002B91C8 /* Realm.framework */; };
		E1A9C6A21F1D0714002B91C8 /* RealmSwift.framework in Frameworks */ = {isa = PBXBuildFile; fileRef = E1A9C6A11F1D0714002B91C8 /* RealmSwift.framework */; };
		E1A9C6AB1F1D09A9002B91C8 /* User.swift in Sources */ = {isa = PBXBuildFile; fileRef = E1A9C6AA1F1D09A9002B91C8 /* User.swift */; };
		E1A9C6AD1F1D0B24002B91C8 /* Todo.swift in Sources */ = {isa = PBXBuildFile; fileRef = E1A9C6AC1F1D0B24002B91C8 /* Todo.swift */; };
		E1A9C6B01F1D0FBF002B91C8 /* Persistentable.swift in Sources */ = {isa = PBXBuildFile; fileRef = E1A9C6AF1F1D0FBF002B91C8 /* Persistentable.swift */; };
/* End PBXBuildFile section */

/* Begin PBXContainerItemProxy section */
		E1A9C6901F1D044E002B91C8 /* PBXContainerItemProxy */ = {
			isa = PBXContainerItemProxy;
			containerPortal = E1A9C6731F1D044D002B91C8 /* Project object */;
			proxyType = 1;
			remoteGlobalIDString = E1A9C67A1F1D044D002B91C8;
			remoteInfo = "Todo-with-Realm";
		};
/* End PBXContainerItemProxy section */

/* Begin PBXFileReference section */
		E1A9C67B1F1D044D002B91C8 /* Todo-with-Realm.app */ = {isa = PBXFileReference; explicitFileType = wrapper.application; includeInIndex = 0; path = "Todo-with-Realm.app"; sourceTree = BUILT_PRODUCTS_DIR; };
		E1A9C67E1F1D044D002B91C8 /* AppDelegate.swift */ = {isa = PBXFileReference; lastKnownFileType = sourcecode.swift; path = AppDelegate.swift; sourceTree = "<group>"; };
		E1A9C6801F1D044D002B91C8 /* ViewController.swift */ = {isa = PBXFileReference; lastKnownFileType = sourcecode.swift; path = ViewController.swift; sourceTree = "<group>"; };
		E1A9C6831F1D044D002B91C8 /* Base */ = {isa = PBXFileReference; lastKnownFileType = file.storyboard; name = Base; path = Base.lproj/Main.storyboard; sourceTree = "<group>"; };
		E1A9C6851F1D044D002B91C8 /* Assets.xcassets */ = {isa = PBXFileReference; lastKnownFileType = folder.assetcatalog; path = Assets.xcassets; sourceTree = "<group>"; };
		E1A9C6881F1D044D002B91C8 /* Base */ = {isa = PBXFileReference; lastKnownFileType = file.storyboard; name = Base; path = Base.lproj/LaunchScreen.storyboard; sourceTree = "<group>"; };
		E1A9C68A1F1D044D002B91C8 /* Info.plist */ = {isa = PBXFileReference; lastKnownFileType = text.plist.xml; path = Info.plist; sourceTree = "<group>"; };
		E1A9C68F1F1D044E002B91C8 /* Todo-with-RealmTests.xctest */ = {isa = PBXFileReference; explicitFileType = wrapper.cfbundle; includeInIndex = 0; path = "Todo-with-RealmTests.xctest"; sourceTree = BUILT_PRODUCTS_DIR; };
		E1A9C6931F1D044E002B91C8 /* Todo_with_RealmTests.swift */ = {isa = PBXFileReference; lastKnownFileType = sourcecode.swift; path = Todo_with_RealmTests.swift; sourceTree = "<group>"; };
		E1A9C6951F1D044E002B91C8 /* Info.plist */ = {isa = PBXFileReference; lastKnownFileType = text.plist.xml; path = Info.plist; sourceTree = "<group>"; };
		E1A9C69F1F1D0707002B91C8 /* Realm.framework */ = {isa = PBXFileReference; lastKnownFileType = wrapper.framework; name = Realm.framework; path = Carthage/Build/iOS/Realm.framework; sourceTree = "<group>"; };
		E1A9C6A11F1D0714002B91C8 /* RealmSwift.framework */ = {isa = PBXFileReference; lastKnownFileType = wrapper.framework; name = RealmSwift.framework; path = Carthage/Build/iOS/RealmSwift.framework; sourceTree = "<group>"; };
		E1A9C6AA1F1D09A9002B91C8 /* User.swift */ = {isa = PBXFileReference; fileEncoding = 4; lastKnownFileType = sourcecode.swift; path = User.swift; sourceTree = "<group>"; };
		E1A9C6AC1F1D0B24002B91C8 /* Todo.swift */ = {isa = PBXFileReference; fileEncoding = 4; lastKnownFileType = sourcecode.swift; path = Todo.swift; sourceTree = "<group>"; };
		E1A9C6AF1F1D0FBF002B91C8 /* Persistentable.swift */ = {isa = PBXFileReference; fileEncoding = 4; lastKnownFileType = sourcecode.swift; path = Persistentable.swift; sourceTree = "<group>"; };
/* End PBXFileReference section */

/* Begin PBXFrameworksBuildPhase section */
		E1A9C6781F1D044D002B91C8 /* Frameworks */ = {
			isa = PBXFrameworksBuildPhase;
			buildActionMask = 2147483647;
			files = (
				E1A9C6A21F1D0714002B91C8 /* RealmSwift.framework in Frameworks */,
				E1A9C6A01F1D0707002B91C8 /* Realm.framework in Frameworks */,
			);
			runOnlyForDeploymentPostprocessing = 0;
		};
		E1A9C68C1F1D044E002B91C8 /* Frameworks */ = {
			isa = PBXFrameworksBuildPhase;
			buildActionMask = 2147483647;
			files = (
			);
			runOnlyForDeploymentPostprocessing = 0;
		};
/* End PBXFrameworksBuildPhase section */

/* Begin PBXGroup section */
		E1A9C6721F1D044D002B91C8 = {
			isa = PBXGroup;
			children = (
				E1A9C67D1F1D044D002B91C8 /* Todo-with-Realm */,
				E1A9C6921F1D044E002B91C8 /* Todo-with-RealmTests */,
				E1A9C67C1F1D044D002B91C8 /* Products */,
				E1A9C69E1F1D0707002B91C8 /* Frameworks */,
			);
			sourceTree = "<group>";
		};
		E1A9C67C1F1D044D002B91C8 /* Products */ = {
			isa = PBXGroup;
			children = (
				E1A9C67B1F1D044D002B91C8 /* Todo-with-Realm.app */,
				E1A9C68F1F1D044E002B91C8 /* Todo-with-RealmTests.xctest */,
			);
			name = Products;
			sourceTree = "<group>";
		};
		E1A9C67D1F1D044D002B91C8 /* Todo-with-Realm */ = {
			isa = PBXGroup;
			children = (
				E1A9C6AE1F1D0EE3002B91C8 /* Managers */,
				E1A9C6A81F1D08BE002B91C8 /* Views */,
				E1A9C6A71F1D08A1002B91C8 /* Controllers */,
				E1A9C6A41F1D0878002B91C8 /* Models */,
				E1A9C6A61F1D0894002B91C8 /* Extensions */,
				E1A9C6A51F1D0881002B91C8 /* Utils */,
				E1A9C6A91F1D08F4002B91C8 /* Others */,
				E1A9C67E1F1D044D002B91C8 /* AppDelegate.swift */,
				E1A9C6801F1D044D002B91C8 /* ViewController.swift */,
				E1A9C6821F1D044D002B91C8 /* Main.storyboard */,
				E1A9C6851F1D044D002B91C8 /* Assets.xcassets */,
				E1A9C6871F1D044D002B91C8 /* LaunchScreen.storyboard */,
				E1A9C68A1F1D044D002B91C8 /* Info.plist */,
			);
			path = "Todo-with-Realm";
			sourceTree = "<group>";
		};
		E1A9C6921F1D044E002B91C8 /* Todo-with-RealmTests */ = {
			isa = PBXGroup;
			children = (
				E1A9C6931F1D044E002B91C8 /* Todo_with_RealmTests.swift */,
				E1A9C6951F1D044E002B91C8 /* Info.plist */,
			);
			path = "Todo-with-RealmTests";
			sourceTree = "<group>";
		};
		E1A9C69E1F1D0707002B91C8 /* Frameworks */ = {
			isa = PBXGroup;
			children = (
				E1A9C6A11F1D0714002B91C8 /* RealmSwift.framework */,
				E1A9C69F1F1D0707002B91C8 /* Realm.framework */,
			);
			name = Frameworks;
			sourceTree = "<group>";
		};
		E1A9C6A41F1D0878002B91C8 /* Models */ = {
			isa = PBXGroup;
			children = (
				E1A9C6AA1F1D09A9002B91C8 /* User.swift */,
				E1A9C6AC1F1D0B24002B91C8 /* Todo.swift */,
			);
			name = Models;
			sourceTree = "<group>";
		};
		E1A9C6A51F1D0881002B91C8 /* Utils */ = {
			isa = PBXGroup;
			children = (
			);
			name = Utils;
			sourceTree = "<group>";
		};
		E1A9C6A61F1D0894002B91C8 /* Extensions */ = {
			isa = PBXGroup;
			children = (
			);
			name = Extensions;
			sourceTree = "<group>";
		};
		E1A9C6A71F1D08A1002B91C8 /* Controllers */ = {
			isa = PBXGroup;
			children = (
			);
			name = Controllers;
			sourceTree = "<group>";
		};
		E1A9C6A81F1D08BE002B91C8 /* Views */ = {
			isa = PBXGroup;
			children = (
			);
			name = Views;
			sourceTree = "<group>";
		};
		E1A9C6A91F1D08F4002B91C8 /* Others */ = {
			isa = PBXGroup;
			children = (
			);
			name = Others;
			sourceTree = "<group>";
		};
		E1A9C6AE1F1D0EE3002B91C8 /* Managers */ = {
			isa = PBXGroup;
			children = (
				E1A9C6AF1F1D0FBF002B91C8 /* Persistentable.swift */,
			);
			name = Managers;
			sourceTree = "<group>";
		};
/* End PBXGroup section */

/* Begin PBXNativeTarget section */
		E1A9C67A1F1D044D002B91C8 /* Todo-with-Realm */ = {
			isa = PBXNativeTarget;
			buildConfigurationList = E1A9C6981F1D044E002B91C8 /* Build configuration list for PBXNativeTarget "Todo-with-Realm" */;
			buildPhases = (
				E1A9C6771F1D044D002B91C8 /* Sources */,
				E1A9C6781F1D044D002B91C8 /* Frameworks */,
				E1A9C6791F1D044D002B91C8 /* Resources */,
				E1A9C6A31F1D0741002B91C8 /* ShellScript */,
			);
			buildRules = (
			);
			dependencies = (
			);
			name = "Todo-with-Realm";
			productName = "Todo-with-Realm";
			productReference = E1A9C67B1F1D044D002B91C8 /* Todo-with-Realm.app */;
			productType = "com.apple.product-type.application";
		};
		E1A9C68E1F1D044E002B91C8 /* Todo-with-RealmTests */ = {
			isa = PBXNativeTarget;
			buildConfigurationList = E1A9C69B1F1D044E002B91C8 /* Build configuration list for PBXNativeTarget "Todo-with-RealmTests" */;
			buildPhases = (
				E1A9C68B1F1D044E002B91C8 /* Sources */,
				E1A9C68C1F1D044E002B91C8 /* Frameworks */,
				E1A9C68D1F1D044E002B91C8 /* Resources */,
			);
			buildRules = (
			);
			dependencies = (
				E1A9C6911F1D044E002B91C8 /* PBXTargetDependency */,
			);
			name = "Todo-with-RealmTests";
			productName = "Todo-with-RealmTests";
			productReference = E1A9C68F1F1D044E002B91C8 /* Todo-with-RealmTests.xctest */;
			productType = "com.apple.product-type.bundle.unit-test";
		};
/* End PBXNativeTarget section */

/* Begin PBXProject section */
		E1A9C6731F1D044D002B91C8 /* Project object */ = {
			isa = PBXProject;
			attributes = {
				LastSwiftUpdateCheck = 0830;
				LastUpgradeCheck = 0830;
				ORGANIZATIONNAME = Kohey;
				TargetAttributes = {
					E1A9C67A1F1D044D002B91C8 = {
						CreatedOnToolsVersion = 8.3.2;
						DevelopmentTeam = 9D8UR7H9D4;
						ProvisioningStyle = Automatic;
					};
					E1A9C68E1F1D044E002B91C8 = {
						CreatedOnToolsVersion = 8.3.2;
						DevelopmentTeam = 9D8UR7H9D4;
						ProvisioningStyle = Automatic;
						TestTargetID = E1A9C67A1F1D044D002B91C8;
					};
				};
			};
			buildConfigurationList = E1A9C6761F1D044D002B91C8 /* Build configuration list for PBXProject "Todo-with-Realm" */;
			compatibilityVersion = "Xcode 3.2";
			developmentRegion = English;
			hasScannedForEncodings = 0;
			knownRegions = (
				en,
				Base,
			);
			mainGroup = E1A9C6721F1D044D002B91C8;
			productRefGroup = E1A9C67C1F1D044D002B91C8 /* Products */;
			projectDirPath = "";
			projectRoot = "";
			targets = (
				E1A9C67A1F1D044D002B91C8 /* Todo-with-Realm */,
				E1A9C68E1F1D044E002B91C8 /* Todo-with-RealmTests */,
			);
		};
/* End PBXProject section */

/* Begin PBXResourcesBuildPhase section */
		E1A9C6791F1D044D002B91C8 /* Resources */ = {
			isa = PBXResourcesBuildPhase;
			buildActionMask = 2147483647;
			files = (
				E1A9C6891F1D044D002B91C8 /* LaunchScreen.storyboard in Resources */,
				E1A9C6861F1D044D002B91C8 /* Assets.xcassets in Resources */,
				E1A9C6841F1D044D002B91C8 /* Main.storyboard in Resources */,
			);
			runOnlyForDeploymentPostprocessing = 0;
		};
		E1A9C68D1F1D044E002B91C8 /* Resources */ = {
			isa = PBXResourcesBuildPhase;
			buildActionMask = 2147483647;
			files = (
			);
			runOnlyForDeploymentPostprocessing = 0;
		};
/* End PBXResourcesBuildPhase section */

/* Begin PBXShellScriptBuildPhase section */
		E1A9C6A31F1D0741002B91C8 /* ShellScript */ = {
			isa = PBXShellScriptBuildPhase;
			buildActionMask = 2147483647;
			files = (
			);
			inputPaths = (
				"$(SRCROOT)/Carthage/Build/iOS/Realm.framework",
				"$(SRCROOT)/Carthage/Build/iOS/RealmSwift.framework",
			);
			outputPaths = (
			);
			runOnlyForDeploymentPostprocessing = 0;
			shellPath = /bin/sh;
			shellScript = "/usr/local/bin/carthage copy-frameworks";
		};
/* End PBXShellScriptBuildPhase section */

/* Begin PBXSourcesBuildPhase section */
		E1A9C6771F1D044D002B91C8 /* Sources */ = {
			isa = PBXSourcesBuildPhase;
			buildActionMask = 2147483647;
			files = (
				E1A9C6B01F1D0FBF002B91C8 /* Persistentable.swift in Sources */,
				E1A9C6811F1D044D002B91C8 /* ViewController.swift in Sources */,
				E1A9C67F1F1D044D002B91C8 /* AppDelegate.swift in Sources */,
				E1A9C6AB1F1D09A9002B91C8 /* User.swift in Sources */,
				E1A9C6AD1F1D0B24002B91C8 /* Todo.swift in Sources */,
			);
			runOnlyForDeploymentPostprocessing = 0;
		};
		E1A9C68B1F1D044E002B91C8 /* Sources */ = {
			isa = PBXSourcesBuildPhase;
			buildActionMask = 2147483647;
			files = (
				E1A9C6941F1D044E002B91C8 /* Todo_with_RealmTests.swift in Sources */,
			);
			runOnlyForDeploymentPostprocessing = 0;
		};
/* End PBXSourcesBuildPhase section */

/* Begin PBXTargetDependency section */
		E1A9C6911F1D044E002B91C8 /* PBXTargetDependency */ = {
			isa = PBXTargetDependency;
			target = E1A9C67A1F1D044D002B91C8 /* Todo-with-Realm */;
			targetProxy = E1A9C6901F1D044E002B91C8 /* PBXContainerItemProxy */;
		};
/* End PBXTargetDependency section */

/* Begin PBXVariantGroup section */
		E1A9C6821F1D044D002B91C8 /* Main.storyboard */ = {
			isa = PBXVariantGroup;
			children = (
				E1A9C6831F1D044D002B91C8 /* Base */,
			);
			name = Main.storyboard;
			sourceTree = "<group>";
		};
		E1A9C6871F1D044D002B91C8 /* LaunchScreen.storyboard */ = {
			isa = PBXVariantGroup;
			children = (
				E1A9C6881F1D044D002B91C8 /* Base */,
			);
			name = LaunchScreen.storyboard;
			sourceTree = "<group>";
		};
/* End PBXVariantGroup section */

/* Begin XCBuildConfiguration section */
		E1A9C6961F1D044E002B91C8 /* Debug */ = {
			isa = XCBuildConfiguration;
			buildSettings = {
				ALWAYS_SEARCH_USER_PATHS = NO;
				CLANG_ANALYZER_NONNULL = YES;
				CLANG_ANALYZER_NUMBER_OBJECT_CONVERSION = YES_AGGRESSIVE;
				CLANG_CXX_LANGUAGE_STANDARD = "gnu++0x";
				CLANG_CXX_LIBRARY = "libc++";
				CLANG_ENABLE_MODULES = YES;
				CLANG_ENABLE_OBJC_ARC = YES;
				CLANG_WARN_BOOL_CONVERSION = YES;
				CLANG_WARN_CONSTANT_CONVERSION = YES;
				CLANG_WARN_DIRECT_OBJC_ISA_USAGE = YES_ERROR;
				CLANG_WARN_DOCUMENTATION_COMMENTS = YES;
				CLANG_WARN_EMPTY_BODY = YES;
				CLANG_WARN_ENUM_CONVERSION = YES;
				CLANG_WARN_INFINITE_RECURSION = YES;
				CLANG_WARN_INT_CONVERSION = YES;
				CLANG_WARN_OBJC_ROOT_CLASS = YES_ERROR;
				CLANG_WARN_SUSPICIOUS_MOVE = YES;
				CLANG_WARN_UNREACHABLE_CODE = YES;
				CLANG_WARN__DUPLICATE_METHOD_MATCH = YES;
				"CODE_SIGN_IDENTITY[sdk=iphoneos*]" = "iPhone Developer";
				COPY_PHASE_STRIP = NO;
				DEBUG_INFORMATION_FORMAT = dwarf;
				ENABLE_STRICT_OBJC_MSGSEND = YES;
				ENABLE_TESTABILITY = YES;
				GCC_C_LANGUAGE_STANDARD = gnu99;
				GCC_DYNAMIC_NO_PIC = NO;
				GCC_NO_COMMON_BLOCKS = YES;
				GCC_OPTIMIZATION_LEVEL = 0;
				GCC_PREPROCESSOR_DEFINITIONS = (
					"DEBUG=1",
					"$(inherited)",
				);
				GCC_WARN_64_TO_32_BIT_CONVERSION = YES;
				GCC_WARN_ABOUT_RETURN_TYPE = YES_ERROR;
				GCC_WARN_UNDECLARED_SELECTOR = YES;
				GCC_WARN_UNINITIALIZED_AUTOS = YES_AGGRESSIVE;
				GCC_WARN_UNUSED_FUNCTION = YES;
				GCC_WARN_UNUSED_VARIABLE = YES;
				IPHONEOS_DEPLOYMENT_TARGET = 9.0;
				MTL_ENABLE_DEBUG_INFO = YES;
				ONLY_ACTIVE_ARCH = YES;
				SDKROOT = iphoneos;
				SWIFT_ACTIVE_COMPILATION_CONDITIONS = DEBUG;
				SWIFT_OPTIMIZATION_LEVEL = "-Onone";
			};
			name = Debug;
		};
		E1A9C6971F1D044E002B91C8 /* Release */ = {
			isa = XCBuildConfiguration;
			buildSettings = {
				ALWAYS_SEARCH_USER_PATHS = NO;
				CLANG_ANALYZER_NONNULL = YES;
				CLANG_ANALYZER_NUMBER_OBJECT_CONVERSION = YES_AGGRESSIVE;
				CLANG_CXX_LANGUAGE_STANDARD = "gnu++0x";
				CLANG_CXX_LIBRARY = "libc++";
				CLANG_ENABLE_MODULES = YES;
				CLANG_ENABLE_OBJC_ARC = YES;
				CLANG_WARN_BOOL_CONVERSION = YES;
				CLANG_WARN_CONSTANT_CONVERSION = YES;
				CLANG_WARN_DIRECT_OBJC_ISA_USAGE = YES_ERROR;
				CLANG_WARN_DOCUMENTATION_COMMENTS = YES;
				CLANG_WARN_EMPTY_BODY = YES;
				CLANG_WARN_ENUM_CONVERSION = YES;
				CLANG_WARN_INFINITE_RECURSION = YES;
				CLANG_WARN_INT_CONVERSION = YES;
				CLANG_WARN_OBJC_ROOT_CLASS = YES_ERROR;
				CLANG_WARN_SUSPICIOUS_MOVE = YES;
				CLANG_WARN_UNREACHABLE_CODE = YES;
				CLANG_WARN__DUPLICATE_METHOD_MATCH = YES;
				"CODE_SIGN_IDENTITY[sdk=iphoneos*]" = "iPhone Developer";
				COPY_PHASE_STRIP = NO;
				DEBUG_INFORMATION_FORMAT = "dwarf-with-dsym";
				ENABLE_NS_ASSERTIONS = NO;
				ENABLE_STRICT_OBJC_MSGSEND = YES;
				GCC_C_LANGUAGE_STANDARD = gnu99;
				GCC_NO_COMMON_BLOCKS = YES;
				GCC_WARN_64_TO_32_BIT_CONVERSION = YES;
				GCC_WARN_ABOUT_RETURN_TYPE = YES_ERROR;
				GCC_WARN_UNDECLARED_SELECTOR = YES;
				GCC_WARN_UNINITIALIZED_AUTOS = YES_AGGRESSIVE;
				GCC_WARN_UNUSED_FUNCTION = YES;
				GCC_WARN_UNUSED_VARIABLE = YES;
				IPHONEOS_DEPLOYMENT_TARGET = 9.0;
				MTL_ENABLE_DEBUG_INFO = NO;
				SDKROOT = iphoneos;
				SWIFT_OPTIMIZATION_LEVEL = "-Owholemodule";
				VALIDATE_PRODUCT = YES;
			};
			name = Release;
		};
		E1A9C6991F1D044E002B91C8 /* Debug */ = {
			isa = XCBuildConfiguration;
			buildSettings = {
				ASSETCATALOG_COMPILER_APPICON_NAME = AppIcon;
				DEVELOPMENT_TEAM = 9D8UR7H9D4;
				FRAMEWORK_SEARCH_PATHS = (
					"$(inherited)",
					"$(PROJECT_DIR)/Carthage/Build/iOS",
				);
				INFOPLIST_FILE = "Todo-with-Realm/Info.plist";
				IPHONEOS_DEPLOYMENT_TARGET = 9.0;
				LD_RUNPATH_SEARCH_PATHS = "$(inherited) @executable_path/Frameworks";
				PRODUCT_BUNDLE_IDENTIFIER = "jp.oka.Todo-with-Realm";
				PRODUCT_NAME = "$(TARGET_NAME)";
				SWIFT_VERSION = 3.0;
			};
			name = Debug;
		};
		E1A9C69A1F1D044E002B91C8 /* Release */ = {
			isa = XCBuildConfiguration;
			buildSettings = {
				ASSETCATALOG_COMPILER_APPICON_NAME = AppIcon;
				DEVELOPMENT_TEAM = 9D8UR7H9D4;
				FRAMEWORK_SEARCH_PATHS = (
					"$(inherited)",
					"$(PROJECT_DIR)/Carthage/Build/iOS",
				);
				INFOPLIST_FILE = "Todo-with-Realm/Info.plist";
				IPHONEOS_DEPLOYMENT_TARGET = 9.0;
				LD_RUNPATH_SEARCH_PATHS = "$(inherited) @executable_path/Frameworks";
				PRODUCT_BUNDLE_IDENTIFIER = "jp.oka.Todo-with-Realm";
				PRODUCT_NAME = "$(TARGET_NAME)";
				SWIFT_VERSION = 3.0;
			};
			name = Release;
		};
		E1A9C69C1F1D044E002B91C8 /* Debug */ = {
			isa = XCBuildConfiguration;
			buildSettings = {
				ALWAYS_EMBED_SWIFT_STANDARD_LIBRARIES = YES;
				BUNDLE_LOADER = "$(TEST_HOST)";
				DEVELOPMENT_TEAM = 9D8UR7H9D4;
				INFOPLIST_FILE = "Todo-with-RealmTests/Info.plist";
				LD_RUNPATH_SEARCH_PATHS = "$(inherited) @executable_path/Frameworks @loader_path/Frameworks";
				PRODUCT_BUNDLE_IDENTIFIER = "jp.oka.Todo-with-RealmTests";
				PRODUCT_NAME = "$(TARGET_NAME)";
				SWIFT_VERSION = 3.0;
				TEST_HOST = "$(BUILT_PRODUCTS_DIR)/Todo-with-Realm.app/Todo-with-Realm";
			};
			name = Debug;
		};
		E1A9C69D1F1D044E002B91C8 /* Release */ = {
			isa = XCBuildConfiguration;
			buildSettings = {
				ALWAYS_EMBED_SWIFT_STANDARD_LIBRARIES = YES;
				BUNDLE_LOADER = "$(TEST_HOST)";
				DEVELOPMENT_TEAM = 9D8UR7H9D4;
				INFOPLIST_FILE = "Todo-with-RealmTests/Info.plist";
				LD_RUNPATH_SEARCH_PATHS = "$(inherited) @executable_path/Frameworks @loader_path/Frameworks";
				PRODUCT_BUNDLE_IDENTIFIER = "jp.oka.Todo-with-RealmTests";
				PRODUCT_NAME = "$(TARGET_NAME)";
				SWIFT_VERSION = 3.0;
				TEST_HOST = "$(BUILT_PRODUCTS_DIR)/Todo-with-Realm.app/Todo-with-Realm";
			};
			name = Release;
		};
/* End XCBuildConfiguration section */

/* Begin XCConfigurationList section */
		E1A9C6761F1D044D002B91C8 /* Build configuration list for PBXProject "Todo-with-Realm" */ = {
			isa = XCConfigurationList;
			buildConfigurations = (
				E1A9C6961F1D044E002B91C8 /* Debug */,
				E1A9C6971F1D044E002B91C8 /* Release */,
			);
			defaultConfigurationIsVisible = 0;
			defaultConfigurationName = Release;
		};
		E1A9C6981F1D044E002B91C8 /* Build configuration list for PBXNativeTarget "Todo-with-Realm" */ = {
			isa = XCConfigurationList;
			buildConfigurations = (
				E1A9C6991F1D044E002B91C8 /* Debug */,
				E1A9C69A1F1D044E002B91C8 /* Release */,
			);
			defaultConfigurationIsVisible = 0;
			defaultConfigurationName = Release;
		};
		E1A9C69B1F1D044E002B91C8 /* Build configuration list for PBXNativeTarget "Todo-with-RealmTests" */ = {
			isa = XCConfigurationList;
			buildConfigurations = (
				E1A9C69C1F1D044E002B91C8 /* Debug */,
				E1A9C69D1F1D044E002B91C8 /* Release */,
			);
			defaultConfigurationIsVisible = 0;
			defaultConfigurationName = Release;
		};
/* End XCConfigurationList section */
	};
	rootObject = E1A9C6731F1D044D002B91C8 /* Project object */;
}
